{
  "name": "sms-receive",
  "version": "1.0.2",
  "lockfileVersion": 1,
  "requires": true,
  "dependencies": {
    "he": {
      "version": "1.1.1",
      "resolved": "https://registry.npmjs.org/he/-/he-1.1.1.tgz",
      "integrity": "sha1-k0EP0hsAlzUVH4howvJx80J+I/0="
    },
    "node-fetch": {
      "version": "2.3.0",
      "resolved": "https://registry.npmjs.org/node-fetch/-/node-fetch-2.3.0.tgz",
      "integrity": "sha512-MOd8pV3fxENbryESLgVIeaGKrdl+uaYhCSSVkjeOb/31/njTpcis5aWfdqgNlHIrKOLRbMnfPINPOML2CIFeXA=="
    },
    "node-html-parser": {
      "version": "1.1.12",
      "resolved": "https://registry.npmjs.org/node-html-parser/-/node-html-parser-1.1.12.tgz",
      "integrity": "sha512-tS8QkN91I4LXPnCOXsMuD+q9/3k5K3ltzASKzrj1g6fkNeE0bHE3DYCtt/F9oC+z1Rrl16N9AHleMEY8R0v8jw==",
      "requires": {
        "he": "1.1.1"
      }
    }
  }
}
